
Microsoft Visual Studio Solution File, Format Version 12.00
# Visual Studio Version 17
VisualStudioVersion = 17.13.35825.156 d17.13
MinimumVisualStudioVersion = 10.0.40219.1
Project("{FAE04EC0-301F-11D3-BF4B-00C04F79EFBC}") = "empleados", "empleados\empleados.csproj", "{F1F37CC7-1625-45B9-9F1E-FEB7B3E9C639}"
EndProject
Global
	GlobalSection(SolutionConfigurationPlatforms) = preSolution
		Debug|Any CPU = Debug|Any CPU
		Release|Any CPU = Release|Any CPU
	EndGlobalSection
	GlobalSection(ProjectConfigurationPlatforms) = postSolution
		{F1F37CC7-1625-45B9-9F1E-FEB7B3E9C639}.Debug|Any CPU.ActiveCfg = Debug|Any CPU
		{F1F37CC7-1625-45B9-9F1E-FEB7B3E9C639}.Debug|Any CPU.Build.0 = Debug|Any CPU
		{F1F37CC7-1625-45B9-9F1E-FEB7B3E9C639}.Release|Any CPU.ActiveCfg = Release|Any CPU
		{F1F37CC7-1625-45B9-9F1E-FEB7B3E9C639}.Release|Any CPU.Build.0 = Release|Any CPU
	EndGlobalSection
	GlobalSection(SolutionProperties) = preSolution
		HideSolutionNode = FALSE
	EndGlobalSection
	GlobalSection(ExtensibilityGlobals) = postSolution
		SolutionGuid = {49CCA1C5-5116-4F45-8301-85AE2EFB3B9F}
	EndGlobalSection
EndGlobal
